
Microsoft Visual Studio Solution File, Format Version 12.00
# Visual Studio Version 17
VisualStudioVersion = 17.11.35303.130
MinimumVisualStudioVersion = 10.0.40219.1
Project("{9A19103F-16F7-4668-BE54-9A1E7A4F7556}") = "Tyuiu.NovikovaVA.Sprint3.Task0.V7", "Tyuiu.NovikovaVA.Sprint3.Task0.V7\Tyuiu.NovikovaVA.Sprint3.Task0.V7.csproj", "{AE60100D-EDBE-445E-A4DD-D7BF44A09325}"
EndProject
Project("{2150E333-8FDC-42A3-9474-1A3956D46DE8}") = "Task0", "Task0", "{1E1176C7-BF86-43EB-AE79-7F0199DF6655}"
EndProject
Project("{9A19103F-16F7-4668-BE54-9A1E7A4F7556}") = "Tyuiu.NovikovaVA.Sprint3.Task0.V7.Lib", "Tyuiu.NovikovaVA.Sprint3.Task0.V7.Lib\Tyuiu.NovikovaVA.Sprint3.Task0.V7.Lib.csproj", "{02A45D98-F4FB-46FB-956B-C8CA0016A826}"
EndProject
Project("{9A19103F-16F7-4668-BE54-9A1E7A4F7556}") = "Tyuiu.NovikovaVA.Sprint3.Task0.V7.Test", "Tyuiu.NovikovaVA.Sprint3.Task0.V7.Test\Tyuiu.NovikovaVA.Sprint3.Task0.V7.Test.csproj", "{E6207030-D588-43D1-9326-8B3C595A8B64}"
EndProject
Project("{2150E333-8FDC-42A3-9474-1A3956D46DE8}") = "Task1", "Task1", "{F58E5C2D-BE26-4339-882C-7B333FD1F793}"
EndProject
Project("{9A19103F-16F7-4668-BE54-9A1E7A4F7556}") = "Tyuiu.NovikovaVA.Sprint3.Task1.V6", "Tyuiu.NovikovaVA.Sprint3.Task1.V6\Tyuiu.NovikovaVA.Sprint3.Task1.V6.csproj", "{7E1E4C4E-38A8-4AC0-9A05-0DF4BC9D743E}"
EndProject
Project("{9A19103F-16F7-4668-BE54-9A1E7A4F7556}") = "Tyuiu.NovikovaVA.Sprint3.Task1.V6.Lib", "Tyuiu.NovikovaVA.Sprint3.Task1.V6.Lib\Tyuiu.NovikovaVA.Sprint3.Task1.V6.Lib.csproj", "{39CA8091-93B1-4247-8192-4AFC28D67F0F}"
EndProject
Project("{9A19103F-16F7-4668-BE54-9A1E7A4F7556}") = "Tyuiu.NovikovaVA.Sprint3.Task1.V6.Test", "Tyuiu.NovikovaVA.Sprint3.Task1.V6.Test\Tyuiu.NovikovaVA.Sprint3.Task1.V6.Test.csproj", "{7D95BDF1-F53D-4439-AD4B-02EAD96D73CF}"
EndProject
Project("{2150E333-8FDC-42A3-9474-1A3956D46DE8}") = "Task2", "Task2", "{AE492EEB-622B-424D-8538-372CF6053F22}"
EndProject
Project("{9A19103F-16F7-4668-BE54-9A1E7A4F7556}") = "Tyuiu.NovikovaVA.Sprint3.Task2.V6", "Tyuiu.NovikovaVA.Sprint3.Task2.V6\Tyuiu.NovikovaVA.Sprint3.Task2.V6.csproj", "{992EBEFB-1109-4AD8-8632-D04DABAFCFEE}"
EndProject
Project("{9A19103F-16F7-4668-BE54-9A1E7A4F7556}") = "Tyuiu.NovikovaVA.Sprint3.Task2.V6.Lib", "Tyuiu.NovikovaVA.Sprint3.Task2.V6.Lib\Tyuiu.NovikovaVA.Sprint3.Task2.V6.Lib.csproj", "{76EC9BF1-B91F-4A90-973F-ADF503DD8E69}"
EndProject
Project("{9A19103F-16F7-4668-BE54-9A1E7A4F7556}") = "Tyuiu.NovikovaVA.Sprint3.Task2.V6.Test", "Tyuiu.NovikovaVA.Sprint3.Task2.V6.Test\Tyuiu.NovikovaVA.Sprint3.Task2.V6.Test.csproj", "{18D9FE53-774A-4626-B41B-08DE49356883}"
EndProject
Project("{2150E333-8FDC-42A3-9474-1A3956D46DE8}") = "Task3", "Task3", "{4CA634F1-2D13-4B03-847F-85109EB72F07}"
EndProject
Project("{9A19103F-16F7-4668-BE54-9A1E7A4F7556}") = "Tyuiu.NovikovaVA.Sprint3.Task3.V10", "Tyuiu.NovikovaVA.Sprint3.Task3.V10\Tyuiu.NovikovaVA.Sprint3.Task3.V10.csproj", "{24173D97-E8AC-49BA-85DA-FA8BF718983E}"
EndProject
Project("{9A19103F-16F7-4668-BE54-9A1E7A4F7556}") = "Tyuiu.NovikovaVA.Sprint3.Task3.V10.Lib", "Tyuiu.NovikovaVA.Sprint3.Task3.V10.Lib\Tyuiu.NovikovaVA.Sprint3.Task3.V10.Lib.csproj", "{88545F96-66FA-4DC7-86E8-D511507D84C7}"
EndProject
Project("{9A19103F-16F7-4668-BE54-9A1E7A4F7556}") = "Tyuiu.NovikovaVA.Sprint3.Task3.V10.Test", "Tyuiu.NovikovaVA.Sprint3.Task3.V10.Test\Tyuiu.NovikovaVA.Sprint3.Task3.V10.Test.csproj", "{FE3350D7-31FB-4D26-91A9-A5B90793A4E1}"
EndProject
Project("{2150E333-8FDC-42A3-9474-1A3956D46DE8}") = "Task4", "Task4", "{17CCFEBB-C213-49F1-BBE5-057A2F29C6B7}"
EndProject
Project("{9A19103F-16F7-4668-BE54-9A1E7A4F7556}") = "Tyuiu.NovikovaVA.Sprint3.Task4.V30", "Tyuiu.NovikovaVA.Sprint3.Task4.V30\Tyuiu.NovikovaVA.Sprint3.Task4.V30.csproj", "{1B5C1FD0-84D5-40F5-8016-38C66F379696}"
EndProject
Project("{9A19103F-16F7-4668-BE54-9A1E7A4F7556}") = "Tyuiu.NovikovaVA.Sprint3.Task4.V30.Lib", "Tyuiu.NovikovaVA.Sprint3.Task4.V30.Lib\Tyuiu.NovikovaVA.Sprint3.Task4.V30.Lib.csproj", "{CB8892DC-4B4A-4305-A5A9-AEAD0D54A244}"
EndProject
Project("{9A19103F-16F7-4668-BE54-9A1E7A4F7556}") = "Tyuiu.NovikovaVA.Sprint3.Task4.V30.Test", "Tyuiu.NovikovaVA.Sprint3.Task4.V30.Test\Tyuiu.NovikovaVA.Sprint3.Task4.V30.Test.csproj", "{6F30A66D-669A-4A66-A4CA-B8A6EEE5A46A}"
EndProject
Project("{2150E333-8FDC-42A3-9474-1A3956D46DE8}") = "Task5", "Task5", "{B6B0EB30-0A4F-448C-8B88-A3BF99BCD0F5}"
EndProject
Project("{FAE04EC0-301F-11D3-BF4B-00C04F79EFBC}") = "Tyuiu.NovikovaVA.Sprint3.Task5.V23", "Tyuiu.NovikovaVA.Sprint3.Task5.V23\Tyuiu.NovikovaVA.Sprint3.Task5.V23.csproj", "{D4468472-C260-468D-A973-13834B1364D4}"
EndProject
Project("{FAE04EC0-301F-11D3-BF4B-00C04F79EFBC}") = "Tyuiu.NovikovaVA.Sprint3.Task5.V23.Lib", "Tyuiu.NovikovaVA.Sprint3.Task5.V23.Lib\Tyuiu.NovikovaVA.Sprint3.Task5.V23.Lib.csproj", "{FBAC1261-1EFD-46C8-85DA-A2BCE5D17E4D}"
EndProject
Project("{FAE04EC0-301F-11D3-BF4B-00C04F79EFBC}") = "Tyuiu.NovikovaVA.Sprint3.Task5.V23.Test", "Tyuiu.NovikovaVA.Sprint3.Task5.V23.Test\Tyuiu.NovikovaVA.Sprint3.Task5.V23.Test.csproj", "{7051F93E-79DC-4AF2-A127-0AEBBE78E9BA}"
EndProject
Project("{2150E333-8FDC-42A3-9474-1A3956D46DE8}") = "Task6", "Task6", "{A2081165-96D5-4F77-9276-D1472BD1D245}"
EndProject
Project("{FAE04EC0-301F-11D3-BF4B-00C04F79EFBC}") = "Tyuiu.NovikovaVA.Sprint3.Task6.V26", "Tyuiu.NovikovaVA.Sprint3.Task6.V26\Tyuiu.NovikovaVA.Sprint3.Task6.V26.csproj", "{A6A935D7-EF1E-4BA0-B5B2-4C4B6ADF3AB9}"
EndProject
Project("{FAE04EC0-301F-11D3-BF4B-00C04F79EFBC}") = "Tyuiu.NovikovaVA.Sprint3.Task6.V26.Lib", "Tyuiu.NovikovaVA.Sprint3.Task6.V26.Lib\Tyuiu.NovikovaVA.Sprint3.Task6.V26.Lib.csproj", "{D5F9CE43-3B07-46E2-8D4D-DADA679C9185}"
EndProject
Project("{FAE04EC0-301F-11D3-BF4B-00C04F79EFBC}") = "Tyuiu.NovikovaVA.Sprint3.Task6.V26.Test", "Tyuiu.NovikovaVA.Sprint3.Task6.V26.Test\Tyuiu.NovikovaVA.Sprint3.Task6.V26.Test.csproj", "{5ED2B93E-8CB5-42B9-8A80-E66BD4BE7160}"
EndProject
Global
	GlobalSection(SolutionConfigurationPlatforms) = preSolution
		Debug|Any CPU = Debug|Any CPU
		Release|Any CPU = Release|Any CPU
	EndGlobalSection
	GlobalSection(ProjectConfigurationPlatforms) = postSolution
		{AE60100D-EDBE-445E-A4DD-D7BF44A09325}.Debug|Any CPU.ActiveCfg = Debug|Any CPU
		{AE60100D-EDBE-445E-A4DD-D7BF44A09325}.Debug|Any CPU.Build.0 = Debug|Any CPU
		{AE60100D-EDBE-445E-A4DD-D7BF44A09325}.Release|Any CPU.ActiveCfg = Release|Any CPU
		{AE60100D-EDBE-445E-A4DD-D7BF44A09325}.Release|Any CPU.Build.0 = Release|Any CPU
		{02A45D98-F4FB-46FB-956B-C8CA0016A826}.Debug|Any CPU.ActiveCfg = Debug|Any CPU
		{02A45D98-F4FB-46FB-956B-C8CA0016A826}.Debug|Any CPU.Build.0 = Debug|Any CPU
		{02A45D98-F4FB-46FB-956B-C8CA0016A826}.Release|Any CPU.ActiveCfg = Release|Any CPU
		{02A45D98-F4FB-46FB-956B-C8CA0016A826}.Release|Any CPU.Build.0 = Release|Any CPU
		{E6207030-D588-43D1-9326-8B3C595A8B64}.Debug|Any CPU.ActiveCfg = Debug|Any CPU
		{E6207030-D588-43D1-9326-8B3C595A8B64}.Debug|Any CPU.Build.0 = Debug|Any CPU
		{E6207030-D588-43D1-9326-8B3C595A8B64}.Release|Any CPU.ActiveCfg = Release|Any CPU
		{E6207030-D588-43D1-9326-8B3C595A8B64}.Release|Any CPU.Build.0 = Release|Any CPU
		{7E1E4C4E-38A8-4AC0-9A05-0DF4BC9D743E}.Debug|Any CPU.ActiveCfg = Debug|Any CPU
		{7E1E4C4E-38A8-4AC0-9A05-0DF4BC9D743E}.Debug|Any CPU.Build.0 = Debug|Any CPU
		{7E1E4C4E-38A8-4AC0-9A05-0DF4BC9D743E}.Release|Any CPU.ActiveCfg = Release|Any CPU
		{7E1E4C4E-38A8-4AC0-9A05-0DF4BC9D743E}.Release|Any CPU.Build.0 = Release|Any CPU
		{39CA8091-93B1-4247-8192-4AFC28D67F0F}.Debug|Any CPU.ActiveCfg = Debug|Any CPU
		{39CA8091-93B1-4247-8192-4AFC28D67F0F}.Debug|Any CPU.Build.0 = Debug|Any CPU
		{39CA8091-93B1-4247-8192-4AFC28D67F0F}.Release|Any CPU.ActiveCfg = Release|Any CPU
		{39CA8091-93B1-4247-8192-4AFC28D67F0F}.Release|Any CPU.Build.0 = Release|Any CPU
		{7D95BDF1-F53D-4439-AD4B-02EAD96D73CF}.Debug|Any CPU.ActiveCfg = Debug|Any CPU
		{7D95BDF1-F53D-4439-AD4B-02EAD96D73CF}.Debug|Any CPU.Build.0 = Debug|Any CPU
		{7D95BDF1-F53D-4439-AD4B-02EAD96D73CF}.Release|Any CPU.ActiveCfg = Release|Any CPU
		{7D95BDF1-F53D-4439-AD4B-02EAD96D73CF}.Release|Any CPU.Build.0 = Release|Any CPU
		{992EBEFB-1109-4AD8-8632-D04DABAFCFEE}.Debug|Any CPU.ActiveCfg = Debug|Any CPU
		{992EBEFB-1109-4AD8-8632-D04DABAFCFEE}.Debug|Any CPU.Build.0 = Debug|Any CPU
		{992EBEFB-1109-4AD8-8632-D04DABAFCFEE}.Release|Any CPU.ActiveCfg = Release|Any CPU
		{992EBEFB-1109-4AD8-8632-D04DABAFCFEE}.Release|Any CPU.Build.0 = Release|Any CPU
		{76EC9BF1-B91F-4A90-973F-ADF503DD8E69}.Debug|Any CPU.ActiveCfg = Debug|Any CPU
		{76EC9BF1-B91F-4A90-973F-ADF503DD8E69}.Debug|Any CPU.Build.0 = Debug|Any CPU
		{76EC9BF1-B91F-4A90-973F-ADF503DD8E69}.Release|Any CPU.ActiveCfg = Release|Any CPU
		{76EC9BF1-B91F-4A90-973F-ADF503DD8E69}.Release|Any CPU.Build.0 = Release|Any CPU
		{18D9FE53-774A-4626-B41B-08DE49356883}.Debug|Any CPU.ActiveCfg = Debug|Any CPU
		{18D9FE53-774A-4626-B41B-08DE49356883}.Debug|Any CPU.Build.0 = Debug|Any CPU
		{18D9FE53-774A-4626-B41B-08DE49356883}.Release|Any CPU.ActiveCfg = Release|Any CPU
		{18D9FE53-774A-4626-B41B-08DE49356883}.Release|Any CPU.Build.0 = Release|Any CPU
		{24173D97-E8AC-49BA-85DA-FA8BF718983E}.Debug|Any CPU.ActiveCfg = Debug|Any CPU
		{24173D97-E8AC-49BA-85DA-FA8BF718983E}.Debug|Any CPU.Build.0 = Debug|Any CPU
		{24173D97-E8AC-49BA-85DA-FA8BF718983E}.Release|Any CPU.ActiveCfg = Release|Any CPU
		{24173D97-E8AC-49BA-85DA-FA8BF718983E}.Release|Any CPU.Build.0 = Release|Any CPU
		{88545F96-66FA-4DC7-86E8-D511507D84C7}.Debug|Any CPU.ActiveCfg = Debug|Any CPU
		{88545F96-66FA-4DC7-86E8-D511507D84C7}.Debug|Any CPU.Build.0 = Debug|Any CPU
		{88545F96-66FA-4DC7-86E8-D511507D84C7}.Release|Any CPU.ActiveCfg = Release|Any CPU
		{88545F96-66FA-4DC7-86E8-D511507D84C7}.Release|Any CPU.Build.0 = Release|Any CPU
		{FE3350D7-31FB-4D26-91A9-A5B90793A4E1}.Debug|Any CPU.ActiveCfg = Debug|Any CPU
		{FE3350D7-31FB-4D26-91A9-A5B90793A4E1}.Debug|Any CPU.Build.0 = Debug|Any CPU
		{FE3350D7-31FB-4D26-91A9-A5B90793A4E1}.Release|Any CPU.ActiveCfg = Release|Any CPU
		{FE3350D7-31FB-4D26-91A9-A5B90793A4E1}.Release|Any CPU.Build.0 = Release|Any CPU
		{1B5C1FD0-84D5-40F5-8016-38C66F379696}.Debug|Any CPU.ActiveCfg = Debug|Any CPU
		{1B5C1FD0-84D5-40F5-8016-38C66F379696}.Debug|Any CPU.Build.0 = Debug|Any CPU
		{1B5C1FD0-84D5-40F5-8016-38C66F379696}.Release|Any CPU.ActiveCfg = Release|Any CPU
		{1B5C1FD0-84D5-40F5-8016-38C66F379696}.Release|Any CPU.Build.0 = Release|Any CPU
		{CB8892DC-4B4A-4305-A5A9-AEAD0D54A244}.Debug|Any CPU.ActiveCfg = Debug|Any CPU
		{CB8892DC-4B4A-4305-A5A9-AEAD0D54A244}.Debug|Any CPU.Build.0 = Debug|Any CPU
		{CB8892DC-4B4A-4305-A5A9-AEAD0D54A244}.Release|Any CPU.ActiveCfg = Release|Any CPU
		{CB8892DC-4B4A-4305-A5A9-AEAD0D54A244}.Release|Any CPU.Build.0 = Release|Any CPU
		{6F30A66D-669A-4A66-A4CA-B8A6EEE5A46A}.Debug|Any CPU.ActiveCfg = Debug|Any CPU
		{6F30A66D-669A-4A66-A4CA-B8A6EEE5A46A}.Debug|Any CPU.Build.0 = Debug|Any CPU
		{6F30A66D-669A-4A66-A4CA-B8A6EEE5A46A}.Release|Any CPU.ActiveCfg = Release|Any CPU
		{6F30A66D-669A-4A66-A4CA-B8A6EEE5A46A}.Release|Any CPU.Build.0 = Release|Any CPU
		{D4468472-C260-468D-A973-13834B1364D4}.Debug|Any CPU.ActiveCfg = Debug|Any CPU
		{D4468472-C260-468D-A973-13834B1364D4}.Debug|Any CPU.Build.0 = Debug|Any CPU
		{D4468472-C260-468D-A973-13834B1364D4}.Release|Any CPU.ActiveCfg = Release|Any CPU
		{D4468472-C260-468D-A973-13834B1364D4}.Release|Any CPU.Build.0 = Release|Any CPU
		{FBAC1261-1EFD-46C8-85DA-A2BCE5D17E4D}.Debug|Any CPU.ActiveCfg = Debug|Any CPU
		{FBAC1261-1EFD-46C8-85DA-A2BCE5D17E4D}.Debug|Any CPU.Build.0 = Debug|Any CPU
		{FBAC1261-1EFD-46C8-85DA-A2BCE5D17E4D}.Release|Any CPU.ActiveCfg = Release|Any CPU
		{FBAC1261-1EFD-46C8-85DA-A2BCE5D17E4D}.Release|Any CPU.Build.0 = Release|Any CPU
		{7051F93E-79DC-4AF2-A127-0AEBBE78E9BA}.Debug|Any CPU.ActiveCfg = Debug|Any CPU
		{7051F93E-79DC-4AF2-A127-0AEBBE78E9BA}.Debug|Any CPU.Build.0 = Debug|Any CPU
		{7051F93E-79DC-4AF2-A127-0AEBBE78E9BA}.Release|Any CPU.ActiveCfg = Release|Any CPU
		{7051F93E-79DC-4AF2-A127-0AEBBE78E9BA}.Release|Any CPU.Build.0 = Release|Any CPU
		{A6A935D7-EF1E-4BA0-B5B2-4C4B6ADF3AB9}.Debug|Any CPU.ActiveCfg = Debug|Any CPU
		{A6A935D7-EF1E-4BA0-B5B2-4C4B6ADF3AB9}.Debug|Any CPU.Build.0 = Debug|Any CPU
		{A6A935D7-EF1E-4BA0-B5B2-4C4B6ADF3AB9}.Release|Any CPU.ActiveCfg = Release|Any CPU
		{A6A935D7-EF1E-4BA0-B5B2-4C4B6ADF3AB9}.Release|Any CPU.Build.0 = Release|Any CPU
		{D5F9CE43-3B07-46E2-8D4D-DADA679C9185}.Debug|Any CPU.ActiveCfg = Debug|Any CPU
		{D5F9CE43-3B07-46E2-8D4D-DADA679C9185}.Debug|Any CPU.Build.0 = Debug|Any CPU
		{D5F9CE43-3B07-46E2-8D4D-DADA679C9185}.Release|Any CPU.ActiveCfg = Release|Any CPU
		{D5F9CE43-3B07-46E2-8D4D-DADA679C9185}.Release|Any CPU.Build.0 = Release|Any CPU
		{5ED2B93E-8CB5-42B9-8A80-E66BD4BE7160}.Debug|Any CPU.ActiveCfg = Debug|Any CPU
		{5ED2B93E-8CB5-42B9-8A80-E66BD4BE7160}.Debug|Any CPU.Build.0 = Debug|Any CPU
		{5ED2B93E-8CB5-42B9-8A80-E66BD4BE7160}.Release|Any CPU.ActiveCfg = Release|Any CPU
		{5ED2B93E-8CB5-42B9-8A80-E66BD4BE7160}.Release|Any CPU.Build.0 = Release|Any CPU
	EndGlobalSection
	GlobalSection(SolutionProperties) = preSolution
		HideSolutionNode = FALSE
	EndGlobalSection
	GlobalSection(NestedProjects) = preSolution
		{AE60100D-EDBE-445E-A4DD-D7BF44A09325} = {1E1176C7-BF86-43EB-AE79-7F0199DF6655}
		{02A45D98-F4FB-46FB-956B-C8CA0016A826} = {1E1176C7-BF86-43EB-AE79-7F0199DF6655}
		{E6207030-D588-43D1-9326-8B3C595A8B64} = {1E1176C7-BF86-43EB-AE79-7F0199DF6655}
		{7E1E4C4E-38A8-4AC0-9A05-0DF4BC9D743E} = {F58E5C2D-BE26-4339-882C-7B333FD1F793}
		{39CA8091-93B1-4247-8192-4AFC28D67F0F} = {F58E5C2D-BE26-4339-882C-7B333FD1F793}
		{7D95BDF1-F53D-4439-AD4B-02EAD96D73CF} = {F58E5C2D-BE26-4339-882C-7B333FD1F793}
		{992EBEFB-1109-4AD8-8632-D04DABAFCFEE} = {AE492EEB-622B-424D-8538-372CF6053F22}
		{76EC9BF1-B91F-4A90-973F-ADF503DD8E69} = {AE492EEB-622B-424D-8538-372CF6053F22}
		{18D9FE53-774A-4626-B41B-08DE49356883} = {AE492EEB-622B-424D-8538-372CF6053F22}
		{24173D97-E8AC-49BA-85DA-FA8BF718983E} = {4CA634F1-2D13-4B03-847F-85109EB72F07}
		{88545F96-66FA-4DC7-86E8-D511507D84C7} = {4CA634F1-2D13-4B03-847F-85109EB72F07}
		{FE3350D7-31FB-4D26-91A9-A5B90793A4E1} = {4CA634F1-2D13-4B03-847F-85109EB72F07}
		{1B5C1FD0-84D5-40F5-8016-38C66F379696} = {17CCFEBB-C213-49F1-BBE5-057A2F29C6B7}
		{CB8892DC-4B4A-4305-A5A9-AEAD0D54A244} = {17CCFEBB-C213-49F1-BBE5-057A2F29C6B7}
		{6F30A66D-669A-4A66-A4CA-B8A6EEE5A46A} = {17CCFEBB-C213-49F1-BBE5-057A2F29C6B7}
		{D4468472-C260-468D-A973-13834B1364D4} = {B6B0EB30-0A4F-448C-8B88-A3BF99BCD0F5}
		{FBAC1261-1EFD-46C8-85DA-A2BCE5D17E4D} = {B6B0EB30-0A4F-448C-8B88-A3BF99BCD0F5}
		{7051F93E-79DC-4AF2-A127-0AEBBE78E9BA} = {B6B0EB30-0A4F-448C-8B88-A3BF99BCD0F5}
		{A6A935D7-EF1E-4BA0-B5B2-4C4B6ADF3AB9} = {A2081165-96D5-4F77-9276-D1472BD1D245}
		{D5F9CE43-3B07-46E2-8D4D-DADA679C9185} = {A2081165-96D5-4F77-9276-D1472BD1D245}
		{5ED2B93E-8CB5-42B9-8A80-E66BD4BE7160} = {A2081165-96D5-4F77-9276-D1472BD1D245}
	EndGlobalSection
	GlobalSection(ExtensibilityGlobals) = postSolution
		SolutionGuid = {6177AC53-30FE-46B7-9089-107FC2C70EEC}
	EndGlobalSection
EndGlobal
