
Microsoft Visual Studio Solution File, Format Version 12.00
# Visual Studio Version 17
VisualStudioVersion = 17.11.35303.130
MinimumVisualStudioVersion = 10.0.40219.1
Project("{FAE04EC0-301F-11D3-BF4B-00C04F79EFBC}") = "Tyuiu.NovikovaVA.Sprint3.Task0.V7", "Tyuiu.NovikovaVA.Sprint3.Task0.V7\Tyuiu.NovikovaVA.Sprint3.Task0.V7.csproj", "{AE60100D-EDBE-445E-A4DD-D7BF44A09325}"
EndProject
Project("{2150E333-8FDC-42A3-9474-1A3956D46DE8}") = "Task0", "Task0", "{1E1176C7-BF86-43EB-AE79-7F0199DF6655}"
EndProject
Project("{FAE04EC0-301F-11D3-BF4B-00C04F79EFBC}") = "Tyuiu.NovikovaVA.Sprint3.Task0.V7.Lib", "Tyuiu.NovikovaVA.Sprint3.Task0.V7.Lib\Tyuiu.NovikovaVA.Sprint3.Task0.V7.Lib.csproj", "{02A45D98-F4FB-46FB-956B-C8CA0016A826}"
EndProject
Project("{FAE04EC0-301F-11D3-BF4B-00C04F79EFBC}") = "Tyuiu.NovikovaVA.Sprint3.Task0.V7.Test", "Tyuiu.NovikovaVA.Sprint3.Task0.V7.Test\Tyuiu.NovikovaVA.Sprint3.Task0.V7.Test.csproj", "{E6207030-D588-43D1-9326-8B3C595A8B64}"
EndProject
Project("{2150E333-8FDC-42A3-9474-1A3956D46DE8}") = "Task1", "Task1", "{F58E5C2D-BE26-4339-882C-7B333FD1F793}"
EndProject
Project("{FAE04EC0-301F-11D3-BF4B-00C04F79EFBC}") = "Tyuiu.NovikovaVA.Sprint3.Task1.V6", "Tyuiu.NovikovaVA.Sprint3.Task1.V6\Tyuiu.NovikovaVA.Sprint3.Task1.V6.csproj", "{7E1E4C4E-38A8-4AC0-9A05-0DF4BC9D743E}"
EndProject
Project("{FAE04EC0-301F-11D3-BF4B-00C04F79EFBC}") = "Tyuiu.NovikovaVA.Sprint3.Task1.V6.Lib", "Tyuiu.NovikovaVA.Sprint3.Task1.V6.Lib\Tyuiu.NovikovaVA.Sprint3.Task1.V6.Lib.csproj", "{39CA8091-93B1-4247-8192-4AFC28D67F0F}"
EndProject
Project("{FAE04EC0-301F-11D3-BF4B-00C04F79EFBC}") = "Tyuiu.NovikovaVA.Sprint3.Task1.V6.Test", "Tyuiu.NovikovaVA.Sprint3.Task1.V6.Test\Tyuiu.NovikovaVA.Sprint3.Task1.V6.Test.csproj", "{7D95BDF1-F53D-4439-AD4B-02EAD96D73CF}"
EndProject
Global
	GlobalSection(SolutionConfigurationPlatforms) = preSolution
		Debug|Any CPU = Debug|Any CPU
		Release|Any CPU = Release|Any CPU
	EndGlobalSection
	GlobalSection(ProjectConfigurationPlatforms) = postSolution
		{AE60100D-EDBE-445E-A4DD-D7BF44A09325}.Debug|Any CPU.ActiveCfg = Debug|Any CPU
		{AE60100D-EDBE-445E-A4DD-D7BF44A09325}.Debug|Any CPU.Build.0 = Debug|Any CPU
		{AE60100D-EDBE-445E-A4DD-D7BF44A09325}.Release|Any CPU.ActiveCfg = Release|Any CPU
		{AE60100D-EDBE-445E-A4DD-D7BF44A09325}.Release|Any CPU.Build.0 = Release|Any CPU
		{02A45D98-F4FB-46FB-956B-C8CA0016A826}.Debug|Any CPU.ActiveCfg = Debug|Any CPU
		{02A45D98-F4FB-46FB-956B-C8CA0016A826}.Debug|Any CPU.Build.0 = Debug|Any CPU
		{02A45D98-F4FB-46FB-956B-C8CA0016A826}.Release|Any CPU.ActiveCfg = Release|Any CPU
		{02A45D98-F4FB-46FB-956B-C8CA0016A826}.Release|Any CPU.Build.0 = Release|Any CPU
		{E6207030-D588-43D1-9326-8B3C595A8B64}.Debug|Any CPU.ActiveCfg = Debug|Any CPU
		{E6207030-D588-43D1-9326-8B3C595A8B64}.Debug|Any CPU.Build.0 = Debug|Any CPU
		{E6207030-D588-43D1-9326-8B3C595A8B64}.Release|Any CPU.ActiveCfg = Release|Any CPU
		{E6207030-D588-43D1-9326-8B3C595A8B64}.Release|Any CPU.Build.0 = Release|Any CPU
		{7E1E4C4E-38A8-4AC0-9A05-0DF4BC9D743E}.Debug|Any CPU.ActiveCfg = Debug|Any CPU
		{7E1E4C4E-38A8-4AC0-9A05-0DF4BC9D743E}.Debug|Any CPU.Build.0 = Debug|Any CPU
		{7E1E4C4E-38A8-4AC0-9A05-0DF4BC9D743E}.Release|Any CPU.ActiveCfg = Release|Any CPU
		{7E1E4C4E-38A8-4AC0-9A05-0DF4BC9D743E}.Release|Any CPU.Build.0 = Release|Any CPU
		{39CA8091-93B1-4247-8192-4AFC28D67F0F}.Debug|Any CPU.ActiveCfg = Debug|Any CPU
		{39CA8091-93B1-4247-8192-4AFC28D67F0F}.Debug|Any CPU.Build.0 = Debug|Any CPU
		{39CA8091-93B1-4247-8192-4AFC28D67F0F}.Release|Any CPU.ActiveCfg = Release|Any CPU
		{39CA8091-93B1-4247-8192-4AFC28D67F0F}.Release|Any CPU.Build.0 = Release|Any CPU
		{7D95BDF1-F53D-4439-AD4B-02EAD96D73CF}.Debug|Any CPU.ActiveCfg = Debug|Any CPU
		{7D95BDF1-F53D-4439-AD4B-02EAD96D73CF}.Debug|Any CPU.Build.0 = Debug|Any CPU
		{7D95BDF1-F53D-4439-AD4B-02EAD96D73CF}.Release|Any CPU.ActiveCfg = Release|Any CPU
		{7D95BDF1-F53D-4439-AD4B-02EAD96D73CF}.Release|Any CPU.Build.0 = Release|Any CPU
	EndGlobalSection
	GlobalSection(SolutionProperties) = preSolution
		HideSolutionNode = FALSE
	EndGlobalSection
	GlobalSection(NestedProjects) = preSolution
		{AE60100D-EDBE-445E-A4DD-D7BF44A09325} = {1E1176C7-BF86-43EB-AE79-7F0199DF6655}
		{02A45D98-F4FB-46FB-956B-C8CA0016A826} = {1E1176C7-BF86-43EB-AE79-7F0199DF6655}
		{E6207030-D588-43D1-9326-8B3C595A8B64} = {1E1176C7-BF86-43EB-AE79-7F0199DF6655}
		{7E1E4C4E-38A8-4AC0-9A05-0DF4BC9D743E} = {F58E5C2D-BE26-4339-882C-7B333FD1F793}
		{39CA8091-93B1-4247-8192-4AFC28D67F0F} = {F58E5C2D-BE26-4339-882C-7B333FD1F793}
		{7D95BDF1-F53D-4439-AD4B-02EAD96D73CF} = {F58E5C2D-BE26-4339-882C-7B333FD1F793}
	EndGlobalSection
	GlobalSection(ExtensibilityGlobals) = postSolution
		SolutionGuid = {6177AC53-30FE-46B7-9089-107FC2C70EEC}
	EndGlobalSection
EndGlobal
